// !$*UTF8*$!
{
	archiveVersion = 1;
	classes = {
	};
	objectVersion = 50;
	objects = {

/* Begin PBXBuildFile section */
		358B31A022C0CECE00FC4FA9 /* AppDelegate.swift in Sources */ = {isa = PBXBuildFile; fileRef = 358B319F22C0CECE00FC4FA9 /* AppDelegate.swift */; };
		358B31A222C0CECE00FC4FA9 /* ViewController.swift in Sources */ = {isa = PBXBuildFile; fileRef = 358B31A122C0CECE00FC4FA9 /* ViewController.swift */; };
		358B31A522C0CECE00FC4FA9 /* Main.storyboard in Resources */ = {isa = PBXBuildFile; fileRef = 358B31A322C0CECE00FC4FA9 /* Main.storyboard */; };
		358B31A722C0CECF00FC4FA9 /* Assets.xcassets in Resources */ = {isa = PBXBuildFile; fileRef = 358B31A622C0CECF00FC4FA9 /* Assets.xcassets */; };
		358B31AA22C0CECF00FC4FA9 /* LaunchScreen.storyboard in Resources */ = {isa = PBXBuildFile; fileRef = 358B31A822C0CECF00FC4FA9 /* LaunchScreen.storyboard */; };
		358B31C222C0D2A400FC4FA9 /* crash.wav in Resources */ = {isa = PBXBuildFile; fileRef = 358B31B222C0D2A300FC4FA9 /* crash.wav */; };
		358B31C322C0D2A400FC4FA9 /* GreedySnakeView.m in Sources */ = {isa = PBXBuildFile; fileRef = 358B31B422C0D2A300FC4FA9 /* GreedySnakeView.m */; };
		358B31C422C0D2A400FC4FA9 /* ReferenceViewController.m in Sources */ = {isa = PBXBuildFile; fileRef = 358B31B622C0D2A300FC4FA9 /* ReferenceViewController.m */; };
		358B31C622C0D2A400FC4FA9 /* AppDelegate.m in Sources */ = {isa = PBXBuildFile; fileRef = 358B31B922C0D2A300FC4FA9 /* AppDelegate.m */; };
		358B31C722C0D2A400FC4FA9 /* CustomPoint.m in Sources */ = {isa = PBXBuildFile; fileRef = 358B31BA22C0D2A300FC4FA9 /* CustomPoint.m */; };
		358B31C822C0D2A400FC4FA9 /* start.png in Resources */ = {isa = PBXBuildFile; fileRef = 358B31BB22C0D2A300FC4FA9 /* start.png */; };
		358B31C922C0D2A400FC4FA9 /* pause.png in Resources */ = {isa = PBXBuildFile; fileRef = 358B31BC22C0D2A300FC4FA9 /* pause.png */; };
		358B31CA22C0D2A400FC4FA9 /* gu.mp3 in Resources */ = {isa = PBXBuildFile; fileRef = 358B31BD22C0D2A400FC4FA9 /* gu.mp3 */; };
		358B31CB22C0D2A400FC4FA9 /* icon.png in Resources */ = {isa = PBXBuildFile; fileRef = 358B31BF22C0D2A400FC4FA9 /* icon.png */; };
		358B31CC22C0D2A400FC4FA9 /* ViewController.m in Sources */ = {isa = PBXBuildFile; fileRef = 358B31C122C0D2A400FC4FA9 /* ViewController.m */; };
		358B31CE22C1FABB00FC4FA9 /* ViewTwo.swift in Sources */ = {isa = PBXBuildFile; fileRef = 358B31CD22C1FABB00FC4FA9 /* ViewTwo.swift */; };
		35B6F70C22C24E2E00B233C6 /* Score.swift in Sources */ = {isa = PBXBuildFile; fileRef = 35B6F70B22C24E2E00B233C6 /* Score.swift */; };
		35B6F70E22C24F3600B233C6 /* postViewController.swift in Sources */ = {isa = PBXBuildFile; fileRef = 35B6F70D22C24F3500B233C6 /* postViewController.swift */; };
		35B6F71022C2506B00B233C6 /* scoreTableViewCell.swift in Sources */ = {isa = PBXBuildFile; fileRef = 35B6F70F22C2506B00B233C6 /* scoreTableViewCell.swift */; };
		35B6F71222C2508A00B233C6 /* scoreViewController.swift in Sources */ = {isa = PBXBuildFile; fileRef = 35B6F71122C2508A00B233C6 /* scoreViewController.swift */; };
		35B6F71422C2509000B233C6 /* scoreTableViewController.swift in Sources */ = {isa = PBXBuildFile; fileRef = 35B6F71322C2509000B233C6 /* scoreTableViewController.swift */; };
/* End PBXBuildFile section */

/* Begin PBXFileReference section */
		358B319C22C0CECE00FC4FA9 /* 00457045_HW3.app */ = {isa = PBXFileReference; explicitFileType = wrapper.application; includeInIndex = 0; path = 00457045_HW3.app; sourceTree = BUILT_PRODUCTS_DIR; };
		358B319F22C0CECE00FC4FA9 /* AppDelegate.swift */ = {isa = PBXFileReference; lastKnownFileType = sourcecode.swift; path = AppDelegate.swift; sourceTree = "<group>"; };
		358B31A122C0CECE00FC4FA9 /* ViewController.swift */ = {isa = PBXFileReference; lastKnownFileType = sourcecode.swift; path = ViewController.swift; sourceTree = "<group>"; };
		358B31A422C0CECE00FC4FA9 /* Base */ = {isa = PBXFileReference; lastKnownFileType = file.storyboard; name = Base; path = Base.lproj/Main.storyboard; sourceTree = "<group>"; };
		358B31A622C0CECF00FC4FA9 /* Assets.xcassets */ = {isa = PBXFileReference; lastKnownFileType = folder.assetcatalog; path = Assets.xcassets; sourceTree = "<group>"; };
		358B31A922C0CECF00FC4FA9 /* Base */ = {isa = PBXFileReference; lastKnownFileType = file.storyboard; name = Base; path = Base.lproj/LaunchScreen.storyboard; sourceTree = "<group>"; };
		358B31AB22C0CECF00FC4FA9 /* Info.plist */ = {isa = PBXFileReference; lastKnownFileType = text.plist.xml; path = Info.plist; sourceTree = "<group>"; };
		358B31B122C0D2A200FC4FA9 /* 00457045_HW3-Bridging-Header.h */ = {isa = PBXFileReference; lastKnownFileType = sourcecode.c.h; path = "00457045_HW3-Bridging-Header.h"; sourceTree = "<group>"; };
		358B31B222C0D2A300FC4FA9 /* crash.wav */ = {isa = PBXFileReference; lastKnownFileType = audio.wav; path = crash.wav; sourceTree = "<group>"; };
		358B31B322C0D2A300FC4FA9 /* CustomPoint.h */ = {isa = PBXFileReference; fileEncoding = 4; lastKnownFileType = sourcecode.c.h; path = CustomPoint.h; sourceTree = "<group>"; };
		358B31B422C0D2A300FC4FA9 /* GreedySnakeView.m */ = {isa = PBXFileReference; fileEncoding = 4; lastKnownFileType = sourcecode.c.objc; path = GreedySnakeView.m; sourceTree = "<group>"; };
		358B31B522C0D2A300FC4FA9 /* ReferenceViewController.h */ = {isa = PBXFileReference; fileEncoding = 4; lastKnownFileType = sourcecode.c.h; path = ReferenceViewController.h; sourceTree = "<group>"; };
		358B31B622C0D2A300FC4FA9 /* ReferenceViewController.m */ = {isa = PBXFileReference; fileEncoding = 4; lastKnownFileType = sourcecode.c.objc; path = ReferenceViewController.m; sourceTree = "<group>"; };
		358B31B822C0D2A300FC4FA9 /* GreedySnakeView.h */ = {isa = PBXFileReference; fileEncoding = 4; lastKnownFileType = sourcecode.c.h; path = GreedySnakeView.h; sourceTree = "<group>"; };
		358B31B922C0D2A300FC4FA9 /* AppDelegate.m */ = {isa = PBXFileReference; fileEncoding = 4; lastKnownFileType = sourcecode.c.objc; path = AppDelegate.m; sourceTree = "<group>"; };
		358B31BA22C0D2A300FC4FA9 /* CustomPoint.m */ = {isa = PBXFileReference; fileEncoding = 4; lastKnownFileType = sourcecode.c.objc; path = CustomPoint.m; sourceTree = "<group>"; };
		358B31BB22C0D2A300FC4FA9 /* start.png */ = {isa = PBXFileReference; lastKnownFileType = image.png; path = start.png; sourceTree = "<group>"; };
		358B31BC22C0D2A300FC4FA9 /* pause.png */ = {isa = PBXFileReference; lastKnownFileType = image.png; path = pause.png; sourceTree = "<group>"; };
		358B31BD22C0D2A400FC4FA9 /* gu.mp3 */ = {isa = PBXFileReference; lastKnownFileType = audio.mp3; path = gu.mp3; sourceTree = "<group>"; };
		358B31BE22C0D2A400FC4FA9 /* ViewController.h */ = {isa = PBXFileReference; fileEncoding = 4; lastKnownFileType = sourcecode.c.h; path = ViewController.h; sourceTree = "<group>"; };
		358B31BF22C0D2A400FC4FA9 /* icon.png */ = {isa = PBXFileReference; lastKnownFileType = image.png; path = icon.png; sourceTree = "<group>"; };
		358B31C022C0D2A400FC4FA9 /* AppDelegate.h */ = {isa = PBXFileReference; fileEncoding = 4; lastKnownFileType = sourcecode.c.h; path = AppDelegate.h; sourceTree = "<group>"; };
		358B31C122C0D2A400FC4FA9 /* ViewController.m */ = {isa = PBXFileReference; fileEncoding = 4; lastKnownFileType = sourcecode.c.objc; path = ViewController.m; sourceTree = "<group>"; };
		358B31CD22C1FABB00FC4FA9 /* ViewTwo.swift */ = {isa = PBXFileReference; lastKnownFileType = sourcecode.swift; path = ViewTwo.swift; sourceTree = "<group>"; };
		35B6F70B22C24E2E00B233C6 /* Score.swift */ = {isa = PBXFileReference; fileEncoding = 4; lastKnownFileType = sourcecode.swift; path = Score.swift; sourceTree = "<group>"; };
		35B6F70D22C24F3500B233C6 /* postViewController.swift */ = {isa = PBXFileReference; fileEncoding = 4; lastKnownFileType = sourcecode.swift; path = postViewController.swift; sourceTree = "<group>"; };
		35B6F70F22C2506B00B233C6 /* scoreTableViewCell.swift */ = {isa = PBXFileReference; fileEncoding = 4; lastKnownFileType = sourcecode.swift; path = scoreTableViewCell.swift; sourceTree = "<group>"; };
		35B6F71122C2508A00B233C6 /* scoreViewController.swift */ = {isa = PBXFileReference; fileEncoding = 4; lastKnownFileType = sourcecode.swift; path = scoreViewController.swift; sourceTree = "<group>"; };
		35B6F71322C2509000B233C6 /* scoreTableViewController.swift */ = {isa = PBXFileReference; fileEncoding = 4; lastKnownFileType = sourcecode.swift; path = scoreTableViewController.swift; sourceTree = "<group>"; };
/* End PBXFileReference section */

/* Begin PBXFrameworksBuildPhase section */
		358B319922C0CECE00FC4FA9 /* Frameworks */ = {
			isa = PBXFrameworksBuildPhase;
			buildActionMask = 2147483647;
			files = (
			);
			runOnlyForDeploymentPostprocessing = 0;
		};
/* End PBXFrameworksBuildPhase section */

/* Begin PBXGroup section */
		358B319322C0CECE00FC4FA9 = {
			isa = PBXGroup;
			children = (
				358B319E22C0CECE00FC4FA9 /* 00457045_HW3 */,
				358B319D22C0CECE00FC4FA9 /* Products */,
			);
			sourceTree = "<group>";
		};
		358B319D22C0CECE00FC4FA9 /* Products */ = {
			isa = PBXGroup;
			children = (
				358B319C22C0CECE00FC4FA9 /* 00457045_HW3.app */,
			);
			name = Products;
			sourceTree = "<group>";
		};
		358B319E22C0CECE00FC4FA9 /* 00457045_HW3 */ = {
			isa = PBXGroup;
			children = (
				358B31C022C0D2A400FC4FA9 /* AppDelegate.h */,
				358B31B922C0D2A300FC4FA9 /* AppDelegate.m */,
				358B31B222C0D2A300FC4FA9 /* crash.wav */,
				358B31B322C0D2A300FC4FA9 /* CustomPoint.h */,
				358B31BA22C0D2A300FC4FA9 /* CustomPoint.m */,
				358B31B822C0D2A300FC4FA9 /* GreedySnakeView.h */,
				358B31B422C0D2A300FC4FA9 /* GreedySnakeView.m */,
				358B31BD22C0D2A400FC4FA9 /* gu.mp3 */,
				358B31BF22C0D2A400FC4FA9 /* icon.png */,
				358B31BC22C0D2A300FC4FA9 /* pause.png */,
				358B31B522C0D2A300FC4FA9 /* ReferenceViewController.h */,
				358B31B622C0D2A300FC4FA9 /* ReferenceViewController.m */,
				358B31BB22C0D2A300FC4FA9 /* start.png */,
				358B31BE22C0D2A400FC4FA9 /* ViewController.h */,
				358B31C122C0D2A400FC4FA9 /* ViewController.m */,
				358B319F22C0CECE00FC4FA9 /* AppDelegate.swift */,
				358B31CD22C1FABB00FC4FA9 /* ViewTwo.swift */,
				35B6F70F22C2506B00B233C6 /* scoreTableViewCell.swift */,
				35B6F71122C2508A00B233C6 /* scoreViewController.swift */,
				35B6F71322C2509000B233C6 /* scoreTableViewController.swift */,
				35B6F70D22C24F3500B233C6 /* postViewController.swift */,
				358B31A122C0CECE00FC4FA9 /* ViewController.swift */,
				35B6F70B22C24E2E00B233C6 /* Score.swift */,
				358B31A322C0CECE00FC4FA9 /* Main.storyboard */,
				358B31A622C0CECF00FC4FA9 /* Assets.xcassets */,
				358B31A822C0CECF00FC4FA9 /* LaunchScreen.storyboard */,
				358B31AB22C0CECF00FC4FA9 /* Info.plist */,
				358B31B122C0D2A200FC4FA9 /* 00457045_HW3-Bridging-Header.h */,
			);
			path = 00457045_HW3;
			sourceTree = "<group>";
		};
/* End PBXGroup section */

/* Begin PBXNativeTarget section */
		358B319B22C0CECE00FC4FA9 /* 00457045_HW3 */ = {
			isa = PBXNativeTarget;
			buildConfigurationList = 358B31AE22C0CECF00FC4FA9 /* Build configuration list for PBXNativeTarget "00457045_HW3" */;
			buildPhases = (
				358B319822C0CECE00FC4FA9 /* Sources */,
				358B319922C0CECE00FC4FA9 /* Frameworks */,
				358B319A22C0CECE00FC4FA9 /* Resources */,
			);
			buildRules = (
			);
			dependencies = (
			);
			name = 00457045_HW3;
			productName = 00457045_HW3;
			productReference = 358B319C22C0CECE00FC4FA9 /* 00457045_HW3.app */;
			productType = "com.apple.product-type.application";
		};
/* End PBXNativeTarget section */

/* Begin PBXProject section */
		358B319422C0CECE00FC4FA9 /* Project object */ = {
			isa = PBXProject;
			attributes = {
				LastSwiftUpdateCheck = 1020;
				LastUpgradeCheck = 1020;
				ORGANIZATIONNAME = Lin;
				TargetAttributes = {
					358B319B22C0CECE00FC4FA9 = {
						CreatedOnToolsVersion = 10.2.1;
						LastSwiftMigration = 1020;
					};
				};
			};
			buildConfigurationList = 358B319722C0CECE00FC4FA9 /* Build configuration list for PBXProject "00457045_HW3" */;
			compatibilityVersion = "Xcode 9.3";
			developmentRegion = en;
			hasScannedForEncodings = 0;
			knownRegions = (
				en,
				Base,
			);
			mainGroup = 358B319322C0CECE00FC4FA9;
			productRefGroup = 358B319D22C0CECE00FC4FA9 /* Products */;
			projectDirPath = "";
			projectRoot = "";
			targets = (
				358B319B22C0CECE00FC4FA9 /* 00457045_HW3 */,
			);
		};
/* End PBXProject section */

/* Begin PBXResourcesBuildPhase section */
		358B319A22C0CECE00FC4FA9 /* Resources */ = {
			isa = PBXResourcesBuildPhase;
			buildActionMask = 2147483647;
			files = (
				358B31CA22C0D2A400FC4FA9 /* gu.mp3 in Resources */,
				358B31AA22C0CECF00FC4FA9 /* LaunchScreen.storyboard in Resources */,
				358B31CB22C0D2A400FC4FA9 /* icon.png in Resources */,
				358B31A722C0CECF00FC4FA9 /* Assets.xcassets in Resources */,
				358B31C222C0D2A400FC4FA9 /* crash.wav in Resources */,
				358B31C922C0D2A400FC4FA9 /* pause.png in Resources */,
				358B31C822C0D2A400FC4FA9 /* start.png in Resources */,
				358B31A522C0CECE00FC4FA9 /* Main.storyboard in Resources */,
			);
			runOnlyForDeploymentPostprocessing = 0;
		};
/* End PBXResourcesBuildPhase section */

/* Begin PBXSourcesBuildPhase section */
		358B319822C0CECE00FC4FA9 /* Sources */ = {
			isa = PBXSourcesBuildPhase;
			buildActionMask = 2147483647;
			files = (
				358B31CC22C0D2A400FC4FA9 /* ViewController.m in Sources */,
				358B31A222C0CECE00FC4FA9 /* ViewController.swift in Sources */,
				358B31C322C0D2A400FC4FA9 /* GreedySnakeView.m in Sources */,
				358B31C422C0D2A400FC4FA9 /* ReferenceViewController.m in Sources */,
				358B31A022C0CECE00FC4FA9 /* AppDelegate.swift in Sources */,
				35B6F70E22C24F3600B233C6 /* postViewController.swift in Sources */,
				358B31CE22C1FABB00FC4FA9 /* ViewTwo.swift in Sources */,
				35B6F71422C2509000B233C6 /* scoreTableViewController.swift in Sources */,
				35B6F70C22C24E2E00B233C6 /* Score.swift in Sources */,
				35B6F71022C2506B00B233C6 /* scoreTableViewCell.swift in Sources */,
				358B31C622C0D2A400FC4FA9 /* AppDelegate.m in Sources */,
				35B6F71222C2508A00B233C6 /* scoreViewController.swift in Sources */,
				358B31C722C0D2A400FC4FA9 /* CustomPoint.m in Sources */,
			);
			runOnlyForDeploymentPostprocessing = 0;
		};
/* End PBXSourcesBuildPhase section */

/* Begin PBXVariantGroup section */
		358B31A322C0CECE00FC4FA9 /* Main.storyboard */ = {
			isa = PBXVariantGroup;
			children = (
				358B31A422C0CECE00FC4FA9 /* Base */,
			);
			name = Main.storyboard;
			sourceTree = "<group>";
		};
		358B31A822C0CECF00FC4FA9 /* LaunchScreen.storyboard */ = {
			isa = PBXVariantGroup;
			children = (
				358B31A922C0CECF00FC4FA9 /* Base */,
			);
			name = LaunchScreen.storyboard;
			sourceTree = "<group>";
		};
/* End PBXVariantGroup section */

/* Begin XCBuildConfiguration section */
		358B31AC22C0CECF00FC4FA9 /* Debug */ = {
			isa = XCBuildConfiguration;
			buildSettings = {
				ALWAYS_SEARCH_USER_PATHS = NO;
				CLANG_ANALYZER_NONNULL = YES;
				CLANG_ANALYZER_NUMBER_OBJECT_CONVERSION = YES_AGGRESSIVE;
				CLANG_CXX_LANGUAGE_STANDARD = "gnu++14";
				CLANG_CXX_LIBRARY = "libc++";
				CLANG_ENABLE_MODULES = YES;
				CLANG_ENABLE_OBJC_ARC = YES;
				CLANG_ENABLE_OBJC_WEAK = YES;
				CLANG_WARN_BLOCK_CAPTURE_AUTORELEASING = YES;
				CLANG_WARN_BOOL_CONVERSION = YES;
				CLANG_WARN_COMMA = YES;
				CLANG_WARN_CONSTANT_CONVERSION = YES;
				CLANG_WARN_DEPRECATED_OBJC_IMPLEMENTATIONS = YES;
				CLANG_WARN_DIRECT_OBJC_ISA_USAGE = YES_ERROR;
				CLANG_WARN_DOCUMENTATION_COMMENTS = YES;
				CLANG_WARN_EMPTY_BODY = YES;
				CLANG_WARN_ENUM_CONVERSION = YES;
				CLANG_WARN_INFINITE_RECURSION = YES;
				CLANG_WARN_INT_CONVERSION = YES;
				CLANG_WARN_NON_LITERAL_NULL_CONVERSION = YES;
				CLANG_WARN_OBJC_IMPLICIT_RETAIN_SELF = YES;
				CLANG_WARN_OBJC_LITERAL_CONVERSION = YES;
				CLANG_WARN_OBJC_ROOT_CLASS = YES_ERROR;
				CLANG_WARN_RANGE_LOOP_ANALYSIS = YES;
				CLANG_WARN_STRICT_PROTOTYPES = YES;
				CLANG_WARN_SUSPICIOUS_MOVE = YES;
				CLANG_WARN_UNGUARDED_AVAILABILITY = YES_AGGRESSIVE;
				CLANG_WARN_UNREACHABLE_CODE = YES;
				CLANG_WARN__DUPLICATE_METHOD_MATCH = YES;
				CODE_SIGN_IDENTITY = "iPhone Developer";
				COPY_PHASE_STRIP = NO;
				DEBUG_INFORMATION_FORMAT = dwarf;
				ENABLE_STRICT_OBJC_MSGSEND = YES;
				ENABLE_TESTABILITY = YES;
				GCC_C_LANGUAGE_STANDARD = gnu11;
				GCC_DYNAMIC_NO_PIC = NO;
				GCC_NO_COMMON_BLOCKS = YES;
				GCC_OPTIMIZATION_LEVEL = 0;
				GCC_PREPROCESSOR_DEFINITIONS = (
					"DEBUG=1",
					"$(inherited)",
				);
				GCC_WARN_64_TO_32_BIT_CONVERSION = YES;
				GCC_WARN_ABOUT_RETURN_TYPE = YES_ERROR;
				GCC_WARN_UNDECLARED_SELECTOR = YES;
				GCC_WARN_UNINITIALIZED_AUTOS = YES_AGGRESSIVE;
				GCC_WARN_UNUSED_FUNCTION = YES;
				GCC_WARN_UNUSED_VARIABLE = YES;
				IPHONEOS_DEPLOYMENT_TARGET = 12.2;
				MTL_ENABLE_DEBUG_INFO = INCLUDE_SOURCE;
				MTL_FAST_MATH = YES;
				ONLY_ACTIVE_ARCH = YES;
				SDKROOT = iphoneos;
				SWIFT_ACTIVE_COMPILATION_CONDITIONS = DEBUG;
				SWIFT_OPTIMIZATION_LEVEL = "-Onone";
			};
			name = Debug;
		};
		358B31AD22C0CECF00FC4FA9 /* Release */ = {
			isa = XCBuildConfiguration;
			buildSettings = {
				ALWAYS_SEARCH_USER_PATHS = NO;
				CLANG_ANALYZER_NONNULL = YES;
				CLANG_ANALYZER_NUMBER_OBJECT_CONVERSION = YES_AGGRESSIVE;
				CLANG_CXX_LANGUAGE_STANDARD = "gnu++14";
				CLANG_CXX_LIBRARY = "libc++";
				CLANG_ENABLE_MODULES = YES;
				CLANG_ENABLE_OBJC_ARC = YES;
				CLANG_ENABLE_OBJC_WEAK = YES;
				CLANG_WARN_BLOCK_CAPTURE_AUTORELEASING = YES;
				CLANG_WARN_BOOL_CONVERSION = YES;
				CLANG_WARN_COMMA = YES;
				CLANG_WARN_CONSTANT_CONVERSION = YES;
				CLANG_WARN_DEPRECATED_OBJC_IMPLEMENTATIONS = YES;
				CLANG_WARN_DIRECT_OBJC_ISA_USAGE = YES_ERROR;
				CLANG_WARN_DOCUMENTATION_COMMENTS = YES;
				CLANG_WARN_EMPTY_BODY = YES;
				CLANG_WARN_ENUM_CONVERSION = YES;
				CLANG_WARN_INFINITE_RECURSION = YES;
				CLANG_WARN_INT_CONVERSION = YES;
				CLANG_WARN_NON_LITERAL_NULL_CONVERSION = YES;
				CLANG_WARN_OBJC_IMPLICIT_RETAIN_SELF = YES;
				CLANG_WARN_OBJC_LITERAL_CONVERSION = YES;
				CLANG_WARN_OBJC_ROOT_CLASS = YES_ERROR;
				CLANG_WARN_RANGE_LOOP_ANALYSIS = YES;
				CLANG_WARN_STRICT_PROTOTYPES = YES;
				CLANG_WARN_SUSPICIOUS_MOVE = YES;
				CLANG_WARN_UNGUARDED_AVAILABILITY = YES_AGGRESSIVE;
				CLANG_WARN_UNREACHABLE_CODE = YES;
				CLANG_WARN__DUPLICATE_METHOD_MATCH = YES;
				CODE_SIGN_IDENTITY = "iPhone Developer";
				COPY_PHASE_STRIP = NO;
				DEBUG_INFORMATION_FORMAT = "dwarf-with-dsym";
				ENABLE_NS_ASSERTIONS = NO;
				ENABLE_STRICT_OBJC_MSGSEND = YES;
				GCC_C_LANGUAGE_STANDARD = gnu11;
				GCC_NO_COMMON_BLOCKS = YES;
				GCC_WARN_64_TO_32_BIT_CONVERSION = YES;
				GCC_WARN_ABOUT_RETURN_TYPE = YES_ERROR;
				GCC_WARN_UNDECLARED_SELECTOR = YES;
				GCC_WARN_UNINITIALIZED_AUTOS = YES_AGGRESSIVE;
				GCC_WARN_UNUSED_FUNCTION = YES;
				GCC_WARN_UNUSED_VARIABLE = YES;
				IPHONEOS_DEPLOYMENT_TARGET = 12.2;
				MTL_ENABLE_DEBUG_INFO = NO;
				MTL_FAST_MATH = YES;
				SDKROOT = iphoneos;
				SWIFT_COMPILATION_MODE = wholemodule;
				SWIFT_OPTIMIZATION_LEVEL = "-O";
				VALIDATE_PRODUCT = YES;
			};
			name = Release;
		};
		358B31AF22C0CECF00FC4FA9 /* Debug */ = {
			isa = XCBuildConfiguration;
			buildSettings = {
				ASSETCATALOG_COMPILER_APPICON_NAME = AppIcon;
				CLANG_ENABLE_MODULES = YES;
				CODE_SIGN_STYLE = Automatic;
				DEVELOPMENT_TEAM = "";
				INFOPLIST_FILE = 00457045_HW3/Info.plist;
				LD_RUNPATH_SEARCH_PATHS = (
					"$(inherited)",
					"@executable_path/Frameworks",
				);
				PRODUCT_BUNDLE_IDENTIFIER = "-0457045.-0457045-HW3";
				PRODUCT_NAME = "$(TARGET_NAME)";
				SWIFT_OBJC_BRIDGING_HEADER = "00457045_HW3/00457045_HW3-Bridging-Header.h";
				SWIFT_OPTIMIZATION_LEVEL = "-Onone";
				SWIFT_VERSION = 5.0;
				TARGETED_DEVICE_FAMILY = "1,2";
			};
			name = Debug;
		};
		358B31B022C0CECF00FC4FA9 /* Release */ = {
			isa = XCBuildConfiguration;
			buildSettings = {
				ASSETCATALOG_COMPILER_APPICON_NAME = AppIcon;
				CLANG_ENABLE_MODULES = YES;
				CODE_SIGN_STYLE = Automatic;
				DEVELOPMENT_TEAM = "";
				INFOPLIST_FILE = 00457045_HW3/Info.plist;
				LD_RUNPATH_SEARCH_PATHS = (
					"$(inherited)",
					"@executable_path/Frameworks",
				);
				PRODUCT_BUNDLE_IDENTIFIER = "-0457045.-0457045-HW3";
				PRODUCT_NAME = "$(TARGET_NAME)";
				SWIFT_OBJC_BRIDGING_HEADER = "00457045_HW3/00457045_HW3-Bridging-Header.h";
				SWIFT_VERSION = 5.0;
				TARGETED_DEVICE_FAMILY = "1,2";
			};
			name = Release;
		};
/* End XCBuildConfiguration section */

/* Begin XCConfigurationList section */
		358B319722C0CECE00FC4FA9 /* Build configuration list for PBXProject "00457045_HW3" */ = {
			isa = XCConfigurationList;
			buildConfigurations = (
				358B31AC22C0CECF00FC4FA9 /* Debug */,
				358B31AD22C0CECF00FC4FA9 /* Release */,
			);
			defaultConfigurationIsVisible = 0;
			defaultConfigurationName = Release;
		};
		358B31AE22C0CECF00FC4FA9 /* Build configuration list for PBXNativeTarget "00457045_HW3" */ = {
			isa = XCConfigurationList;
			buildConfigurations = (
				358B31AF22C0CECF00FC4FA9 /* Debug */,
				358B31B022C0CECF00FC4FA9 /* Release */,
			);
			defaultConfigurationIsVisible = 0;
			defaultConfigurationName = Release;
		};
/* End XCConfigurationList section */
	};
	rootObject = 358B319422C0CECE00FC4FA9 /* Project object */;
}
